
Microsoft Visual Studio Solution File, Format Version 12.00
# Visual Studio Version 16
VisualStudioVersion = 16.0.30523.141
MinimumVisualStudioVersion = 10.0.40219.1
Project("{9A19103F-16F7-4668-BE54-9A1E7A4F7556}") = "TeamTierList.UI", "TeamTierList.UI\TeamTierList.UI.csproj", "{F87C573A-D97A-4ACD-A591-E30C470DABF5}"
EndProject
Project("{9A19103F-16F7-4668-BE54-9A1E7A4F7556}") = "TeamTierList.Core", "TeamTierList.Core\TeamTierList.Core.csproj", "{28732D17-503B-4378-8FCA-2616B610ADD3}"
EndProject
Global
	GlobalSection(SolutionConfigurationPlatforms) = preSolution
		Debug|Any CPU = Debug|Any CPU
		Release|Any CPU = Release|Any CPU
	EndGlobalSection
	GlobalSection(ProjectConfigurationPlatforms) = postSolution
		{F87C573A-D97A-4ACD-A591-E30C470DABF5}.Debug|Any CPU.ActiveCfg = Debug|Any CPU
		{F87C573A-D97A-4ACD-A591-E30C470DABF5}.Debug|Any CPU.Build.0 = Debug|Any CPU
		{F87C573A-D97A-4ACD-A591-E30C470DABF5}.Release|Any CPU.ActiveCfg = Release|Any CPU
		{F87C573A-D97A-4ACD-A591-E30C470DABF5}.Release|Any CPU.Build.0 = Release|Any CPU
		{28732D17-503B-4378-8FCA-2616B610ADD3}.Debug|Any CPU.ActiveCfg = Debug|Any CPU
		{28732D17-503B-4378-8FCA-2616B610ADD3}.Debug|Any CPU.Build.0 = Debug|Any CPU
		{28732D17-503B-4378-8FCA-2616B610ADD3}.Release|Any CPU.ActiveCfg = Release|Any CPU
		{28732D17-503B-4378-8FCA-2616B610ADD3}.Release|Any CPU.Build.0 = Release|Any CPU
	EndGlobalSection
	GlobalSection(SolutionProperties) = preSolution
		HideSolutionNode = FALSE
	EndGlobalSection
	GlobalSection(ExtensibilityGlobals) = postSolution
		SolutionGuid = {2146F04F-B9AC-456B-806F-831EF0063813}
	EndGlobalSection
EndGlobal
